// !$*UTF8*$!
{
	archiveVersion = 1;
	classes = {
	};
	objectVersion = 46;
	objects = {

/* Begin PBXBuildFile section */
		2BA90C9D1A7D7A5A009F4493 /* AppDelegate.swift in Sources */ = {isa = PBXBuildFile; fileRef = 2BA90C9C1A7D7A5A009F4493 /* AppDelegate.swift */; };
		2BA90C9F1A7D7A5A009F4493 /* ViewController.swift in Sources */ = {isa = PBXBuildFile; fileRef = 2BA90C9E1A7D7A5A009F4493 /* ViewController.swift */; };
		2BA90CA21A7D7A5A009F4493 /* Main.storyboard in Resources */ = {isa = PBXBuildFile; fileRef = 2BA90CA01A7D7A5A009F4493 /* Main.storyboard */; };
		2BA90CA41A7D7A5A009F4493 /* Images.xcassets in Resources */ = {isa = PBXBuildFile; fileRef = 2BA90CA31A7D7A5A009F4493 /* Images.xcassets */; };
		2BA90CA71A7D7A5A009F4493 /* LaunchScreen.xib in Resources */ = {isa = PBXBuildFile; fileRef = 2BA90CA51A7D7A5A009F4493 /* LaunchScreen.xib */; };
		2BA90CB31A7D7A5A009F4493 /* GoodSnapTests.swift in Sources */ = {isa = PBXBuildFile; fileRef = 2BA90CB21A7D7A5A009F4493 /* GoodSnapTests.swift */; };
/* End PBXBuildFile section */

/* Begin PBXContainerItemProxy section */
		2BA90CAD1A7D7A5A009F4493 /* PBXContainerItemProxy */ = {
			isa = PBXContainerItemProxy;
			containerPortal = 2BA90C8F1A7D7A5A009F4493 /* Project object */;
			proxyType = 1;
			remoteGlobalIDString = 2BA90C961A7D7A5A009F4493;
			remoteInfo = GoodSnap;
		};
/* End PBXContainerItemProxy section */

/* Begin PBXFileReference section */
		2BA90C971A7D7A5A009F4493 /* GoodSnap.app */ = {isa = PBXFileReference; explicitFileType = wrapper.application; includeInIndex = 0; path = GoodSnap.app; sourceTree = BUILT_PRODUCTS_DIR; };
		2BA90C9B1A7D7A5A009F4493 /* Info.plist */ = {isa = PBXFileReference; lastKnownFileType = text.plist.xml; path = Info.plist; sourceTree = "<group>"; };
		2BA90C9C1A7D7A5A009F4493 /* AppDelegate.swift */ = {isa = PBXFileReference; lastKnownFileType = sourcecode.swift; path = AppDelegate.swift; sourceTree = "<group>"; };
		2BA90C9E1A7D7A5A009F4493 /* ViewController.swift */ = {isa = PBXFileReference; lastKnownFileType = sourcecode.swift; path = ViewController.swift; sourceTree = "<group>"; };
		2BA90CA11A7D7A5A009F4493 /* Base */ = {isa = PBXFileReference; lastKnownFileType = file.storyboard; name = Base; path = Base.lproj/Main.storyboard; sourceTree = "<group>"; };
		2BA90CA31A7D7A5A009F4493 /* Images.xcassets */ = {isa = PBXFileReference; lastKnownFileType = folder.assetcatalog; path = Images.xcassets; sourceTree = "<group>"; };
		2BA90CA61A7D7A5A009F4493 /* Base */ = {isa = PBXFileReference; lastKnownFileType = file.xib; name = Base; path = Base.lproj/LaunchScreen.xib; sourceTree = "<group>"; };
		2BA90CAC1A7D7A5A009F4493 /* GoodSnapTests.xctest */ = {isa = PBXFileReference; explicitFileType = wrapper.cfbundle; includeInIndex = 0; path = GoodSnapTests.xctest; sourceTree = BUILT_PRODUCTS_DIR; };
		2BA90CB11A7D7A5A009F4493 /* Info.plist */ = {isa = PBXFileReference; lastKnownFileType = text.plist.xml; path = Info.plist; sourceTree = "<group>"; };
		2BA90CB21A7D7A5A009F4493 /* GoodSnapTests.swift */ = {isa = PBXFileReference; lastKnownFileType = sourcecode.swift; path = GoodSnapTests.swift; sourceTree = "<group>"; };
/* End PBXFileReference section */

/* Begin PBXFrameworksBuildPhase section */
		2BA90C941A7D7A5A009F4493 /* Frameworks */ = {
			isa = PBXFrameworksBuildPhase;
			buildActionMask = 2147483647;
			files = (
			);
			runOnlyForDeploymentPostprocessing = 0;
		};
		2BA90CA91A7D7A5A009F4493 /* Frameworks */ = {
			isa = PBXFrameworksBuildPhase;
			buildActionMask = 2147483647;
			files = (
			);
			runOnlyForDeploymentPostprocessing = 0;
		};
/* End PBXFrameworksBuildPhase section */

/* Begin PBXGroup section */
		2BA90C8E1A7D7A5A009F4493 = {
			isa = PBXGroup;
			children = (
				2BA90C991A7D7A5A009F4493 /* GoodSnap */,
				2BA90CAF1A7D7A5A009F4493 /* GoodSnapTests */,
				2BA90C981A7D7A5A009F4493 /* Products */,
			);
			sourceTree = "<group>";
		};
		2BA90C981A7D7A5A009F4493 /* Products */ = {
			isa = PBXGroup;
			children = (
				2BA90C971A7D7A5A009F4493 /* GoodSnap.app */,
				2BA90CAC1A7D7A5A009F4493 /* GoodSnapTests.xctest */,
			);
			name = Products;
			sourceTree = "<group>";
		};
		2BA90C991A7D7A5A009F4493 /* GoodSnap */ = {
			isa = PBXGroup;
			children = (
				2BA90C9C1A7D7A5A009F4493 /* AppDelegate.swift */,
				2BA90C9E1A7D7A5A009F4493 /* ViewController.swift */,
				2BA90CA01A7D7A5A009F4493 /* Main.storyboard */,
				2BA90CA31A7D7A5A009F4493 /* Images.xcassets */,
				2BA90CA51A7D7A5A009F4493 /* LaunchScreen.xib */,
				2BA90C9A1A7D7A5A009F4493 /* Supporting Files */,
			);
			path = GoodSnap;
			sourceTree = "<group>";
		};
		2BA90C9A1A7D7A5A009F4493 /* Supporting Files */ = {
			isa = PBXGroup;
			children = (
				2BA90C9B1A7D7A5A009F4493 /* Info.plist */,
			);
			name = "Supporting Files";
			sourceTree = "<group>";
		};
		2BA90CAF1A7D7A5A009F4493 /* GoodSnapTests */ = {
			isa = PBXGroup;
			children = (
				2BA90CB21A7D7A5A009F4493 /* GoodSnapTests.swift */,
				2BA90CB01A7D7A5A009F4493 /* Supporting Files */,
			);
			path = GoodSnapTests;
			sourceTree = "<group>";
		};
		2BA90CB01A7D7A5A009F4493 /* Supporting Files */ = {
			isa = PBXGroup;
			children = (
				2BA90CB11A7D7A5A009F4493 /* Info.plist */,
			);
			name = "Supporting Files";
			sourceTree = "<group>";
		};
/* End PBXGroup section */

/* Begin PBXNativeTarget section */
		2BA90C961A7D7A5A009F4493 /* GoodSnap */ = {
			isa = PBXNativeTarget;
			buildConfigurationList = 2BA90CB61A7D7A5A009F4493 /* Build configuration list for PBXNativeTarget "GoodSnap" */;
			buildPhases = (
				2BA90C931A7D7A5A009F4493 /* Sources */,
				2BA90C941A7D7A5A009F4493 /* Frameworks */,
				2BA90C951A7D7A5A009F4493 /* Resources */,
			);
			buildRules = (
			);
			dependencies = (
			);
			name = GoodSnap;
			productName = GoodSnap;
			productReference = 2BA90C971A7D7A5A009F4493 /* GoodSnap.app */;
			productType = "com.apple.product-type.application";
		};
		2BA90CAB1A7D7A5A009F4493 /* GoodSnapTests */ = {
			isa = PBXNativeTarget;
			buildConfigurationList = 2BA90CB91A7D7A5A009F4493 /* Build configuration list for PBXNativeTarget "GoodSnapTests" */;
			buildPhases = (
				2BA90CA81A7D7A5A009F4493 /* Sources */,
				2BA90CA91A7D7A5A009F4493 /* Frameworks */,
				2BA90CAA1A7D7A5A009F4493 /* Resources */,
			);
			buildRules = (
			);
			dependencies = (
				2BA90CAE1A7D7A5A009F4493 /* PBXTargetDependency */,
			);
			name = GoodSnapTests;
			productName = GoodSnapTests;
			productReference = 2BA90CAC1A7D7A5A009F4493 /* GoodSnapTests.xctest */;
			productType = "com.apple.product-type.bundle.unit-test";
		};
/* End PBXNativeTarget section */

/* Begin PBXProject section */
		2BA90C8F1A7D7A5A009F4493 /* Project object */ = {
			isa = PBXProject;
			attributes = {
				LastUpgradeCheck = 0610;
				ORGANIZATIONNAME = "Ruying Chen";
				TargetAttributes = {
					2BA90C961A7D7A5A009F4493 = {
						CreatedOnToolsVersion = 6.1.1;
					};
					2BA90CAB1A7D7A5A009F4493 = {
						CreatedOnToolsVersion = 6.1.1;
						TestTargetID = 2BA90C961A7D7A5A009F4493;
					};
				};
			};
			buildConfigurationList = 2BA90C921A7D7A5A009F4493 /* Build configuration list for PBXProject "GoodSnap" */;
			compatibilityVersion = "Xcode 3.2";
			developmentRegion = English;
			hasScannedForEncodings = 0;
			knownRegions = (
				en,
				Base,
			);
			mainGroup = 2BA90C8E1A7D7A5A009F4493;
			productRefGroup = 2BA90C981A7D7A5A009F4493 /* Products */;
			projectDirPath = "";
			projectRoot = "";
			targets = (
				2BA90C961A7D7A5A009F4493 /* GoodSnap */,
				2BA90CAB1A7D7A5A009F4493 /* GoodSnapTests */,
			);
		};
/* End PBXProject section */

/* Begin PBXResourcesBuildPhase section */
		2BA90C951A7D7A5A009F4493 /* Resources */ = {
			isa = PBXResourcesBuildPhase;
			buildActionMask = 2147483647;
			files = (
				2BA90CA21A7D7A5A009F4493 /* Main.storyboard in Resources */,
				2BA90CA71A7D7A5A009F4493 /* LaunchScreen.xib in Resources */,
				2BA90CA41A7D7A5A009F4493 /* Images.xcassets in Resources */,
			);
			runOnlyForDeploymentPostprocessing = 0;
		};
		2BA90CAA1A7D7A5A009F4493 /* Resources */ = {
			isa = PBXResourcesBuildPhase;
			buildActionMask = 2147483647;
			files = (
			);
			runOnlyForDeploymentPostprocessing = 0;
		};
/* End PBXResourcesBuildPhase section */

/* Begin PBXSourcesBuildPhase section */
		2BA90C931A7D7A5A009F4493 /* Sources */ = {
			isa = PBXSourcesBuildPhase;
			buildActionMask = 2147483647;
			files = (
				2BA90C9F1A7D7A5A009F4493 /* ViewController.swift in Sources */,
				2BA90C9D1A7D7A5A009F4493 /* AppDelegate.swift in Sources */,
			);
			runOnlyForDeploymentPostprocessing = 0;
		};
		2BA90CA81A7D7A5A009F4493 /* Sources */ = {
			isa = PBXSourcesBuildPhase;
			buildActionMask = 2147483647;
			files = (
				2BA90CB31A7D7A5A009F4493 /* GoodSnapTests.swift in Sources */,
			);
			runOnlyForDeploymentPostprocessing = 0;
		};
/* End PBXSourcesBuildPhase section */

/* Begin PBXTargetDependency section */
		2BA90CAE1A7D7A5A009F4493 /* PBXTargetDependency */ = {
			isa = PBXTargetDependency;
			target = 2BA90C961A7D7A5A009F4493 /* GoodSnap */;
			targetProxy = 2BA90CAD1A7D7A5A009F4493 /* PBXContainerItemProxy */;
		};
/* End PBXTargetDependency section */

/* Begin PBXVariantGroup section */
		2BA90CA01A7D7A5A009F4493 /* Main.storyboard */ = {
			isa = PBXVariantGroup;
			children = (
				2BA90CA11A7D7A5A009F4493 /* Base */,
			);
			name = Main.storyboard;
			sourceTree = "<group>";
		};
		2BA90CA51A7D7A5A009F4493 /* LaunchScreen.xib */ = {
			isa = PBXVariantGroup;
			children = (
				2BA90CA61A7D7A5A009F4493 /* Base */,
			);
			name = LaunchScreen.xib;
			sourceTree = "<group>";
		};
/* End PBXVariantGroup section */

/* Begin XCBuildConfiguration section */
		2BA90CB41A7D7A5A009F4493 /* Debug */ = {
			isa = XCBuildConfiguration;
			buildSettings = {
				ALWAYS_SEARCH_USER_PATHS = NO;
				CLANG_CXX_LANGUAGE_STANDARD = "gnu++0x";
				CLANG_CXX_LIBRARY = "libc++";
				CLANG_ENABLE_MODULES = YES;
				CLANG_ENABLE_OBJC_ARC = YES;
				CLANG_WARN_BOOL_CONVERSION = YES;
				CLANG_WARN_CONSTANT_CONVERSION = YES;
				CLANG_WARN_DIRECT_OBJC_ISA_USAGE = YES_ERROR;
				CLANG_WARN_EMPTY_BODY = YES;
				CLANG_WARN_ENUM_CONVERSION = YES;
				CLANG_WARN_INT_CONVERSION = YES;
				CLANG_WARN_OBJC_ROOT_CLASS = YES_ERROR;
				CLANG_WARN_UNREACHABLE_CODE = YES;
				CLANG_WARN__DUPLICATE_METHOD_MATCH = YES;
				"CODE_SIGN_IDENTITY[sdk=iphoneos*]" = "iPhone Developer";
				COPY_PHASE_STRIP = NO;
				ENABLE_STRICT_OBJC_MSGSEND = YES;
				GCC_C_LANGUAGE_STANDARD = gnu99;
				GCC_DYNAMIC_NO_PIC = NO;
				GCC_OPTIMIZATION_LEVEL = 0;
				GCC_PREPROCESSOR_DEFINITIONS = (
					"DEBUG=1",
					"$(inherited)",
				);
				GCC_SYMBOLS_PRIVATE_EXTERN = NO;
				GCC_WARN_64_TO_32_BIT_CONVERSION = YES;
				GCC_WARN_ABOUT_RETURN_TYPE = YES_ERROR;
				GCC_WARN_UNDECLARED_SELECTOR = YES;
				GCC_WARN_UNINITIALIZED_AUTOS = YES_AGGRESSIVE;
				GCC_WARN_UNUSED_FUNCTION = YES;
				GCC_WARN_UNUSED_VARIABLE = YES;
				IPHONEOS_DEPLOYMENT_TARGET = 8.1;
				MTL_ENABLE_DEBUG_INFO = YES;
				ONLY_ACTIVE_ARCH = YES;
				SDKROOT = iphoneos;
				SWIFT_OPTIMIZATION_LEVEL = "-Onone";
				TARGETED_DEVICE_FAMILY = "1,2";
			};
			name = Debug;
		};
		2BA90CB51A7D7A5A009F4493 /* Release */ = {
			isa = XCBuildConfiguration;
			buildSettings = {
				ALWAYS_SEARCH_USER_PATHS = NO;
				CLANG_CXX_LANGUAGE_STANDARD = "gnu++0x";
				CLANG_CXX_LIBRARY = "libc++";
				CLANG_ENABLE_MODULES = YES;
				CLANG_ENABLE_OBJC_ARC = YES;
				CLANG_WARN_BOOL_CONVERSION = YES;
				CLANG_WARN_CONSTANT_CONVERSION = YES;
				CLANG_WARN_DIRECT_OBJC_ISA_USAGE = YES_ERROR;
				CLANG_WARN_EMPTY_BODY = YES;
				CLANG_WARN_ENUM_CONVERSION = YES;
				CLANG_WARN_INT_CONVERSION = YES;
				CLANG_WARN_OBJC_ROOT_CLASS = YES_ERROR;
				CLANG_WARN_UNREACHABLE_CODE = YES;
				CLANG_WARN__DUPLICATE_METHOD_MATCH = YES;
				"CODE_SIGN_IDENTITY[sdk=iphoneos*]" = "iPhone Developer";
				COPY_PHASE_STRIP = YES;
				ENABLE_NS_ASSERTIONS = NO;
				ENABLE_STRICT_OBJC_MSGSEND = YES;
				GCC_C_LANGUAGE_STANDARD = gnu99;
				GCC_WARN_64_TO_32_BIT_CONVERSION = YES;
				GCC_WARN_ABOUT_RETURN_TYPE = YES_ERROR;
				GCC_WARN_UNDECLARED_SELECTOR = YES;
				GCC_WARN_UNINITIALIZED_AUTOS = YES_AGGRESSIVE;
				GCC_WARN_UNUSED_FUNCTION = YES;
				GCC_WARN_UNUSED_VARIABLE = YES;
				IPHONEOS_DEPLOYMENT_TARGET = 8.1;
				MTL_ENABLE_DEBUG_INFO = NO;
				SDKROOT = iphoneos;
				TARGETED_DEVICE_FAMILY = "1,2";
				VALIDATE_PRODUCT = YES;
			};
			name = Release;
		};
		2BA90CB71A7D7A5A009F4493 /* Debug */ = {
			isa = XCBuildConfiguration;
			buildSettings = {
				ASSETCATALOG_COMPILER_APPICON_NAME = AppIcon;
				INFOPLIST_FILE = GoodSnap/Info.plist;
				LD_RUNPATH_SEARCH_PATHS = "$(inherited) @executable_path/Frameworks";
				PRODUCT_NAME = "$(TARGET_NAME)";
			};
			name = Debug;
		};
		2BA90CB81A7D7A5A009F4493 /* Release */ = {
			isa = XCBuildConfiguration;
			buildSettings = {
				ASSETCATALOG_COMPILER_APPICON_NAME = AppIcon;
				INFOPLIST_FILE = GoodSnap/Info.plist;
				LD_RUNPATH_SEARCH_PATHS = "$(inherited) @executable_path/Frameworks";
				PRODUCT_NAME = "$(TARGET_NAME)";
			};
			name = Release;
		};
		2BA90CBA1A7D7A5A009F4493 /* Debug */ = {
			isa = XCBuildConfiguration;
			buildSettings = {
				BUNDLE_LOADER = "$(TEST_HOST)";
				FRAMEWORK_SEARCH_PATHS = (
					"$(SDKROOT)/Developer/Library/Frameworks",
					"$(inherited)",
				);
				GCC_PREPROCESSOR_DEFINITIONS = (
					"DEBUG=1",
					"$(inherited)",
				);
				INFOPLIST_FILE = GoodSnapTests/Info.plist;
				LD_RUNPATH_SEARCH_PATHS = "$(inherited) @executable_path/Frameworks @loader_path/Frameworks";
				PRODUCT_NAME = "$(TARGET_NAME)";
				TEST_HOST = "$(BUILT_PRODUCTS_DIR)/GoodSnap.app/GoodSnap";
			};
			name = Debug;
		};
		2BA90CBB1A7D7A5A009F4493 /* Release */ = {
			isa = XCBuildConfiguration;
			buildSettings = {
				BUNDLE_LOADER = "$(TEST_HOST)";
				FRAMEWORK_SEARCH_PATHS = (
					"$(SDKROOT)/Developer/Library/Frameworks",
					"$(inherited)",
				);
				INFOPLIST_FILE = GoodSnapTests/Info.plist;
				LD_RUNPATH_SEARCH_PATHS = "$(inherited) @executable_path/Frameworks @loader_path/Frameworks";
				PRODUCT_NAME = "$(TARGET_NAME)";
				TEST_HOST = "$(BUILT_PRODUCTS_DIR)/GoodSnap.app/GoodSnap";
			};
			name = Release;
		};
/* End XCBuildConfiguration section */

/* Begin XCConfigurationList section */
		2BA90C921A7D7A5A009F4493 /* Build configuration list for PBXProject "GoodSnap" */ = {
			isa = XCConfigurationList;
			buildConfigurations = (
				2BA90CB41A7D7A5A009F4493 /* Debug */,
				2BA90CB51A7D7A5A009F4493 /* Release */,
			);
			defaultConfigurationIsVisible = 0;
			defaultConfigurationName = Release;
		};
		2BA90CB61A7D7A5A009F4493 /* Build configuration list for PBXNativeTarget "GoodSnap" */ = {
			isa = XCConfigurationList;
			buildConfigurations = (
				2BA90CB71A7D7A5A009F4493 /* Debug */,
				2BA90CB81A7D7A5A009F4493 /* Release */,
			);
			defaultConfigurationIsVisible = 0;
		};
		2BA90CB91A7D7A5A009F4493 /* Build configuration list for PBXNativeTarget "GoodSnapTests" */ = {
			isa = XCConfigurationList;
			buildConfigurations = (
				2BA90CBA1A7D7A5A009F4493 /* Debug */,
				2BA90CBB1A7D7A5A009F4493 /* Release */,
			);
			defaultConfigurationIsVisible = 0;
		};
/* End XCConfigurationList section */
	};
	rootObject = 2BA90C8F1A7D7A5A009F4493 /* Project object */;
}
